
Microsoft Visual Studio Solution File, Format Version 11.00
# Visual Studio 2010
Project("{FAE04EC0-301F-11D3-BF4B-00C04F79EFBC}") = "Demo_ShadowMan", "Assembly-CSharp.csproj", "{D7AF0810-6AE2-EEC1-4ED7-F0912CB9DF38}"
EndProject
Project("{FAE04EC0-301F-11D3-BF4B-00C04F79EFBC}") = "Demo_ShadowMan", "Assembly-CSharp-Editor.csproj", "{46DD43B0-784F-FEE2-6CC8-5FF8407BA77A}"
EndProject
Global
	GlobalSection(SolutionConfigurationPlatforms) = preSolution
		Debug|Any CPU = Debug|Any CPU
		Release|Any CPU = Release|Any CPU
	EndGlobalSection
	GlobalSection(ProjectConfigurationPlatforms) = postSolution
		{D7AF0810-6AE2-EEC1-4ED7-F0912CB9DF38}.Debug|Any CPU.ActiveCfg = Debug|Any CPU
		{D7AF0810-6AE2-EEC1-4ED7-F0912CB9DF38}.Debug|Any CPU.Build.0 = Debug|Any CPU
		{D7AF0810-6AE2-EEC1-4ED7-F0912CB9DF38}.Release|Any CPU.ActiveCfg = Release|Any CPU
		{D7AF0810-6AE2-EEC1-4ED7-F0912CB9DF38}.Release|Any CPU.Build.0 = Release|Any CPU
		{46DD43B0-784F-FEE2-6CC8-5FF8407BA77A}.Debug|Any CPU.ActiveCfg = Debug|Any CPU
		{46DD43B0-784F-FEE2-6CC8-5FF8407BA77A}.Debug|Any CPU.Build.0 = Debug|Any CPU
		{46DD43B0-784F-FEE2-6CC8-5FF8407BA77A}.Release|Any CPU.ActiveCfg = Release|Any CPU
		{46DD43B0-784F-FEE2-6CC8-5FF8407BA77A}.Release|Any CPU.Build.0 = Release|Any CPU
	EndGlobalSection
	GlobalSection(SolutionProperties) = preSolution
		HideSolutionNode = FALSE
	EndGlobalSection
	GlobalSection(MonoDevelopProperties) = preSolution
		StartupItem = Assembly-CSharp.csproj
	EndGlobalSection
EndGlobal
